
Microsoft Visual Studio Solution File, Format Version 11.00
# Visual C++ Express 2010
Project("{8BC9CEB8-8B4A-11D0-8D11-00A0C91BC942}") = "os-fcgi", "os-fcgi.vcxproj", "{0517F1F5-B6EA-4F04-9C90-F77A0E16532F}"
EndProject
Global
	GlobalSection(SolutionConfigurationPlatforms) = preSolution
		Debug|Win32 = Debug|Win32
		Debug|x64 = Debug|x64
		Release|Win32 = Release|Win32
		Release|x64 = Release|x64
	EndGlobalSection
	GlobalSection(ProjectConfigurationPlatforms) = postSolution
		{0517F1F5-B6EA-4F04-9C90-F77A0E16532F}.Debug|Win32.ActiveCfg = Debug|Win32
		{0517F1F5-B6EA-4F04-9C90-F77A0E16532F}.Debug|Win32.Build.0 = Debug|Win32
		{0517F1F5-B6EA-4F04-9C90-F77A0E16532F}.Debug|x64.ActiveCfg = Debug|x64
		{0517F1F5-B6EA-4F04-9C90-F77A0E16532F}.Debug|x64.Build.0 = Debug|x64
		{0517F1F5-B6EA-4F04-9C90-F77A0E16532F}.Release|Win32.ActiveCfg = Release|Win32
		{0517F1F5-B6EA-4F04-9C90-F77A0E16532F}.Release|Win32.Build.0 = Release|Win32
		{0517F1F5-B6EA-4F04-9C90-F77A0E16532F}.Release|x64.ActiveCfg = Release|x64
		{0517F1F5-B6EA-4F04-9C90-F77A0E16532F}.Release|x64.Build.0 = Release|x64
	EndGlobalSection
	GlobalSection(SolutionProperties) = preSolution
		HideSolutionNode = FALSE
	EndGlobalSection
EndGlobal
